
Microsoft Visual Studio Solution File, Format Version 12.00
# Visual Studio Version 17
VisualStudioVersion = 17.2.32516.85
MinimumVisualStudioVersion = 10.0.40219.1
Project("{FAE04EC0-301F-11D3-BF4B-00C04F79EFBC}") = "LAB_01-01", "LAB_01-01\LAB_01-01.csproj", "{AFB3AA44-179E-471F-BF07-970B1465D6BE}"
EndProject
Project("{FAE04EC0-301F-11D3-BF4B-00C04F79EFBC}") = "LAB_01-04", "LAB_01-04\LAB_01-04.csproj", "{61E2F3C8-163C-45F6-853A-E779468EE3D0}"
EndProject
Project("{FAE04EC0-301F-11D3-BF4B-00C04F79EFBC}") = "LAB_02_01", "LAB_02_01\LAB_02_01.csproj", "{18960003-23B5-427B-B69D-25B20C2AC859}"
EndProject
Project("{FAE04EC0-301F-11D3-BF4B-00C04F79EFBC}") = "LAB_02_02", "LAB_02_02\LAB_02_02.csproj", "{6AD2E539-C970-403E-A317-F3504D868961}"
EndProject
Project("{FAE04EC0-301F-11D3-BF4B-00C04F79EFBC}") = "LAB_03-01", "LAB_03-01\LAB_03-01.csproj", "{FD9D01E1-D32A-493D-A202-FC4886353128}"
EndProject
Project("{FAE04EC0-301F-11D3-BF4B-00C04F79EFBC}") = "LAB_03-02", "LAB_03-02\LAB_03-02.csproj", "{BB35E88C-4DD9-4F4C-A111-143C83661E6C}"
EndProject
Project("{FAE04EC0-301F-11D3-BF4B-00C04F79EFBC}") = "LAB_03-03", "LAB_03-03\LAB_03-03.csproj", "{C16D640B-14B2-4819-AE73-F35DCE9E0FF6}"
EndProject
Project("{FAE04EC0-301F-11D3-BF4B-00C04F79EFBC}") = "LAB_04-01", "LAB_04-01\LAB_04-01.csproj", "{6F3F241B-2AC3-4435-A8AB-45044C797FED}"
EndProject
Project("{FAE04EC0-301F-11D3-BF4B-00C04F79EFBC}") = "LAB_05-01", "LAB_05-01\LAB_05-01.csproj", "{63E5ABB3-DEBA-407E-9EB4-446E1464DA80}"
EndProject
Project("{FAE04EC0-301F-11D3-BF4B-00C04F79EFBC}") = "LAB_06-01", "LAB_06-01\LAB_06-01.csproj", "{09F2B0E3-87D6-4978-A91B-18144A759FD7}"
EndProject
Project("{FAE04EC0-301F-11D3-BF4B-00C04F79EFBC}") = "LAB_06-02", "LAB_06-02\LAB_06-02.csproj", "{223563B6-8C86-4820-93E5-0712E0E2B59D}"
EndProject
Project("{FAE04EC0-301F-11D3-BF4B-00C04F79EFBC}") = "LAB_04-02", "LAB_04-02\LAB_04-02.csproj", "{150F24AF-32E4-4C6C-A59B-99BC1029C423}"
EndProject
Project("{FAE04EC0-301F-11D3-BF4B-00C04F79EFBC}") = "LAB_07-01", "LAB_07-01\LAB_07-01.csproj", "{D160FAA7-0070-4307-BEC5-93B8F8B17DA6}"
EndProject
Project("{FAE04EC0-301F-11D3-BF4B-00C04F79EFBC}") = "LAB_07-02", "LAB_07-02\LAB_07-02.csproj", "{050878D9-7B54-4F2D-B568-AE28E9DAC53C}"
EndProject
Project("{FAE04EC0-301F-11D3-BF4B-00C04F79EFBC}") = "LAB_08-01", "LAB_08-01\LAB_08-01.csproj", "{CC6EDF04-95DD-4192-8656-24AD828F3E65}"
EndProject
Project("{FAE04EC0-301F-11D3-BF4B-00C04F79EFBC}") = "LAB_08-02", "LAB_08-02\LAB_08-02.csproj", "{BF0F9D50-356B-4660-8D82-46830AB98D55}"
EndProject
Project("{FAE04EC0-301F-11D3-BF4B-00C04F79EFBC}") = "LAB_09-01", "LAB_09-01\LAB_09-01.csproj", "{19D345AE-5BA2-49C8-AC81-52D99088601A}"
EndProject
Project("{FAE04EC0-301F-11D3-BF4B-00C04F79EFBC}") = "LAB_10-01", "LAB_10-01\LAB_10-01.csproj", "{CDBB187D-50F3-4CB1-9470-0E02E6DB0717}"
EndProject
Project("{FAE04EC0-301F-11D3-BF4B-00C04F79EFBC}") = "LAB_10-02", "LAB_10-02\LAB_10-02.csproj", "{76CE98FC-1165-493D-8583-A5FED86BB8D1}"
EndProject
Global
	GlobalSection(SolutionConfigurationPlatforms) = preSolution
		Debug|Any CPU = Debug|Any CPU
		Release|Any CPU = Release|Any CPU
	EndGlobalSection
	GlobalSection(ProjectConfigurationPlatforms) = postSolution
		{AFB3AA44-179E-471F-BF07-970B1465D6BE}.Debug|Any CPU.ActiveCfg = Debug|Any CPU
		{AFB3AA44-179E-471F-BF07-970B1465D6BE}.Debug|Any CPU.Build.0 = Debug|Any CPU
		{AFB3AA44-179E-471F-BF07-970B1465D6BE}.Release|Any CPU.ActiveCfg = Release|Any CPU
		{AFB3AA44-179E-471F-BF07-970B1465D6BE}.Release|Any CPU.Build.0 = Release|Any CPU
		{61E2F3C8-163C-45F6-853A-E779468EE3D0}.Debug|Any CPU.ActiveCfg = Debug|Any CPU
		{61E2F3C8-163C-45F6-853A-E779468EE3D0}.Debug|Any CPU.Build.0 = Debug|Any CPU
		{61E2F3C8-163C-45F6-853A-E779468EE3D0}.Release|Any CPU.ActiveCfg = Release|Any CPU
		{61E2F3C8-163C-45F6-853A-E779468EE3D0}.Release|Any CPU.Build.0 = Release|Any CPU
		{18960003-23B5-427B-B69D-25B20C2AC859}.Debug|Any CPU.ActiveCfg = Debug|Any CPU
		{18960003-23B5-427B-B69D-25B20C2AC859}.Debug|Any CPU.Build.0 = Debug|Any CPU
		{18960003-23B5-427B-B69D-25B20C2AC859}.Release|Any CPU.ActiveCfg = Release|Any CPU
		{18960003-23B5-427B-B69D-25B20C2AC859}.Release|Any CPU.Build.0 = Release|Any CPU
		{6AD2E539-C970-403E-A317-F3504D868961}.Debug|Any CPU.ActiveCfg = Debug|Any CPU
		{6AD2E539-C970-403E-A317-F3504D868961}.Debug|Any CPU.Build.0 = Debug|Any CPU
		{6AD2E539-C970-403E-A317-F3504D868961}.Release|Any CPU.ActiveCfg = Release|Any CPU
		{6AD2E539-C970-403E-A317-F3504D868961}.Release|Any CPU.Build.0 = Release|Any CPU
		{FD9D01E1-D32A-493D-A202-FC4886353128}.Debug|Any CPU.ActiveCfg = Debug|Any CPU
		{FD9D01E1-D32A-493D-A202-FC4886353128}.Debug|Any CPU.Build.0 = Debug|Any CPU
		{FD9D01E1-D32A-493D-A202-FC4886353128}.Release|Any CPU.ActiveCfg = Release|Any CPU
		{FD9D01E1-D32A-493D-A202-FC4886353128}.Release|Any CPU.Build.0 = Release|Any CPU
		{BB35E88C-4DD9-4F4C-A111-143C83661E6C}.Debug|Any CPU.ActiveCfg = Debug|Any CPU
		{BB35E88C-4DD9-4F4C-A111-143C83661E6C}.Debug|Any CPU.Build.0 = Debug|Any CPU
		{BB35E88C-4DD9-4F4C-A111-143C83661E6C}.Release|Any CPU.ActiveCfg = Release|Any CPU
		{BB35E88C-4DD9-4F4C-A111-143C83661E6C}.Release|Any CPU.Build.0 = Release|Any CPU
		{C16D640B-14B2-4819-AE73-F35DCE9E0FF6}.Debug|Any CPU.ActiveCfg = Debug|Any CPU
		{C16D640B-14B2-4819-AE73-F35DCE9E0FF6}.Debug|Any CPU.Build.0 = Debug|Any CPU
		{C16D640B-14B2-4819-AE73-F35DCE9E0FF6}.Release|Any CPU.ActiveCfg = Release|Any CPU
		{C16D640B-14B2-4819-AE73-F35DCE9E0FF6}.Release|Any CPU.Build.0 = Release|Any CPU
		{6F3F241B-2AC3-4435-A8AB-45044C797FED}.Debug|Any CPU.ActiveCfg = Debug|Any CPU
		{6F3F241B-2AC3-4435-A8AB-45044C797FED}.Debug|Any CPU.Build.0 = Debug|Any CPU
		{6F3F241B-2AC3-4435-A8AB-45044C797FED}.Release|Any CPU.ActiveCfg = Release|Any CPU
		{6F3F241B-2AC3-4435-A8AB-45044C797FED}.Release|Any CPU.Build.0 = Release|Any CPU
		{63E5ABB3-DEBA-407E-9EB4-446E1464DA80}.Debug|Any CPU.ActiveCfg = Debug|Any CPU
		{63E5ABB3-DEBA-407E-9EB4-446E1464DA80}.Debug|Any CPU.Build.0 = Debug|Any CPU
		{63E5ABB3-DEBA-407E-9EB4-446E1464DA80}.Release|Any CPU.ActiveCfg = Release|Any CPU
		{63E5ABB3-DEBA-407E-9EB4-446E1464DA80}.Release|Any CPU.Build.0 = Release|Any CPU
		{09F2B0E3-87D6-4978-A91B-18144A759FD7}.Debug|Any CPU.ActiveCfg = Debug|Any CPU
		{09F2B0E3-87D6-4978-A91B-18144A759FD7}.Debug|Any CPU.Build.0 = Debug|Any CPU
		{09F2B0E3-87D6-4978-A91B-18144A759FD7}.Release|Any CPU.ActiveCfg = Release|Any CPU
		{09F2B0E3-87D6-4978-A91B-18144A759FD7}.Release|Any CPU.Build.0 = Release|Any CPU
		{223563B6-8C86-4820-93E5-0712E0E2B59D}.Debug|Any CPU.ActiveCfg = Debug|Any CPU
		{223563B6-8C86-4820-93E5-0712E0E2B59D}.Debug|Any CPU.Build.0 = Debug|Any CPU
		{223563B6-8C86-4820-93E5-0712E0E2B59D}.Release|Any CPU.ActiveCfg = Release|Any CPU
		{223563B6-8C86-4820-93E5-0712E0E2B59D}.Release|Any CPU.Build.0 = Release|Any CPU
		{150F24AF-32E4-4C6C-A59B-99BC1029C423}.Debug|Any CPU.ActiveCfg = Debug|Any CPU
		{150F24AF-32E4-4C6C-A59B-99BC1029C423}.Debug|Any CPU.Build.0 = Debug|Any CPU
		{150F24AF-32E4-4C6C-A59B-99BC1029C423}.Release|Any CPU.ActiveCfg = Release|Any CPU
		{150F24AF-32E4-4C6C-A59B-99BC1029C423}.Release|Any CPU.Build.0 = Release|Any CPU
		{D160FAA7-0070-4307-BEC5-93B8F8B17DA6}.Debug|Any CPU.ActiveCfg = Debug|Any CPU
		{D160FAA7-0070-4307-BEC5-93B8F8B17DA6}.Debug|Any CPU.Build.0 = Debug|Any CPU
		{D160FAA7-0070-4307-BEC5-93B8F8B17DA6}.Release|Any CPU.ActiveCfg = Release|Any CPU
		{D160FAA7-0070-4307-BEC5-93B8F8B17DA6}.Release|Any CPU.Build.0 = Release|Any CPU
		{050878D9-7B54-4F2D-B568-AE28E9DAC53C}.Debug|Any CPU.ActiveCfg = Debug|Any CPU
		{050878D9-7B54-4F2D-B568-AE28E9DAC53C}.Debug|Any CPU.Build.0 = Debug|Any CPU
		{050878D9-7B54-4F2D-B568-AE28E9DAC53C}.Release|Any CPU.ActiveCfg = Release|Any CPU
		{050878D9-7B54-4F2D-B568-AE28E9DAC53C}.Release|Any CPU.Build.0 = Release|Any CPU
		{CC6EDF04-95DD-4192-8656-24AD828F3E65}.Debug|Any CPU.ActiveCfg = Debug|Any CPU
		{CC6EDF04-95DD-4192-8656-24AD828F3E65}.Debug|Any CPU.Build.0 = Debug|Any CPU
		{CC6EDF04-95DD-4192-8656-24AD828F3E65}.Release|Any CPU.ActiveCfg = Release|Any CPU
		{CC6EDF04-95DD-4192-8656-24AD828F3E65}.Release|Any CPU.Build.0 = Release|Any CPU
		{BF0F9D50-356B-4660-8D82-46830AB98D55}.Debug|Any CPU.ActiveCfg = Debug|Any CPU
		{BF0F9D50-356B-4660-8D82-46830AB98D55}.Debug|Any CPU.Build.0 = Debug|Any CPU
		{BF0F9D50-356B-4660-8D82-46830AB98D55}.Release|Any CPU.ActiveCfg = Release|Any CPU
		{BF0F9D50-356B-4660-8D82-46830AB98D55}.Release|Any CPU.Build.0 = Release|Any CPU
		{19D345AE-5BA2-49C8-AC81-52D99088601A}.Debug|Any CPU.ActiveCfg = Debug|Any CPU
		{19D345AE-5BA2-49C8-AC81-52D99088601A}.Debug|Any CPU.Build.0 = Debug|Any CPU
		{19D345AE-5BA2-49C8-AC81-52D99088601A}.Release|Any CPU.ActiveCfg = Release|Any CPU
		{19D345AE-5BA2-49C8-AC81-52D99088601A}.Release|Any CPU.Build.0 = Release|Any CPU
		{CDBB187D-50F3-4CB1-9470-0E02E6DB0717}.Debug|Any CPU.ActiveCfg = Debug|Any CPU
		{CDBB187D-50F3-4CB1-9470-0E02E6DB0717}.Debug|Any CPU.Build.0 = Debug|Any CPU
		{CDBB187D-50F3-4CB1-9470-0E02E6DB0717}.Release|Any CPU.ActiveCfg = Release|Any CPU
		{CDBB187D-50F3-4CB1-9470-0E02E6DB0717}.Release|Any CPU.Build.0 = Release|Any CPU
		{76CE98FC-1165-493D-8583-A5FED86BB8D1}.Debug|Any CPU.ActiveCfg = Debug|Any CPU
		{76CE98FC-1165-493D-8583-A5FED86BB8D1}.Debug|Any CPU.Build.0 = Debug|Any CPU
		{76CE98FC-1165-493D-8583-A5FED86BB8D1}.Release|Any CPU.ActiveCfg = Release|Any CPU
		{76CE98FC-1165-493D-8583-A5FED86BB8D1}.Release|Any CPU.Build.0 = Release|Any CPU
	EndGlobalSection
	GlobalSection(SolutionProperties) = preSolution
		HideSolutionNode = FALSE
	EndGlobalSection
	GlobalSection(ExtensibilityGlobals) = postSolution
		SolutionGuid = {1FE6FB99-78E1-4035-9FE1-83DEC6A1D7E5}
	EndGlobalSection
EndGlobal
